# @generated - this file is auto-generated by `mise lock` https://mise.jdx.dev/dev-tools/mise-lock.html

lockfile_version = 2

[[tools.pnpm]]
version = "10.34.5"
backend = "aqua:pnpm/pnpm"
specifiers = ["10"]

[tools.pnpm."platforms.linux-arm64"]
checksum = "sha256:22391362c31edf522fd698d0b43d38fe9228e28d5b5e32124ffd0038fb60f9f0"
url = "https://github.com/pnpm/pnpm/releases/download/v10.34.5/pnpm-linux-arm64"
url_api = "https://api.github.com/repos/pnpm/pnpm/releases/assets/472419173"

[tools.pnpm."platforms.linux-arm64-musl"]
checksum = "sha256:22391362c31edf522fd698d0b43d38fe9228e28d5b5e32124ffd0038fb60f9f0"
url = "https://github.com/pnpm/pnpm/releases/download/v10.34.5/pnpm-linux-arm64"
url_api = "https://api.github.com/repos/pnpm/pnpm/releases/assets/472419173"

[tools.pnpm."platforms.linux-x64"]
checksum = "sha256:69a535476f407fb0f64427913c2b592ca2ed6bf93f92e2cb82a32349e31f36eb"
url = "https://github.com/pnpm/pnpm/releases/download/v10.34.5/pnpm-linux-x64"
url_api = "https://api.github.com/repos/pnpm/pnpm/releases/assets/472419171"

[tools.pnpm."platforms.linux-x64-musl"]
checksum = "sha256:69a535476f407fb0f64427913c2b592ca2ed6bf93f92e2cb82a32349e31f36eb"
url = "https://github.com/pnpm/pnpm/releases/download/v10.34.5/pnpm-linux-x64"
url_api = "https://api.github.com/repos/pnpm/pnpm/releases/assets/472419171"

[tools.pnpm."platforms.macos-arm64"]
checksum = "sha256:888389e8dd5ed45279043c1d3383c0942a8248b3d29ce614b302f468191f7659"
url = "https://github.com/pnpm/pnpm/releases/download/v10.34.5/pnpm-macos-arm64"
url_api = "https://api.github.com/repos/pnpm/pnpm/releases/assets/472419170"

[tools.pnpm."platforms.macos-x64"]
checksum = "sha256:4deaaaf1c0246fc4230f6450959f932dbc2abfd2686f8515dabf97b0717cb9b1"
url = "https://github.com/pnpm/pnpm/releases/download/v10.34.5/pnpm-macos-x64"
url_api = "https://api.github.com/repos/pnpm/pnpm/releases/assets/472419168"

[tools.pnpm."platforms.windows-x64"]
checksum = "sha256:fa9f420f55723453aaa99a98ca720e9d0e9f58cc808953669927bf15a95b4542"
url = "https://github.com/pnpm/pnpm/releases/download/v10.34.5/pnpm-win-x64.exe"
url_api = "https://api.github.com/repos/pnpm/pnpm/releases/assets/472419169"
